
Microsoft Visual Studio Solution File, Format Version 12.00
# Visual Studio Version 16
VisualStudioVersion = 16.0.32228.343
MinimumVisualStudioVersion = 10.0.40219.1
Project("{FAE04EC0-301F-11D3-BF4B-00C04F79EFBC}") = "Client", "Client\Client.csproj", "{99EB4DF6-4F57-4B57-A71B-F5A166971ABE}"
EndProject
Global
	GlobalSection(SolutionConfigurationPlatforms) = preSolution
		Debug|Any CPU = Debug|Any CPU
		Release|Any CPU = Release|Any CPU
	EndGlobalSection
	GlobalSection(ProjectConfigurationPlatforms) = postSolution
		{99EB4DF6-4F57-4B57-A71B-F5A166971ABE}.Debug|Any CPU.ActiveCfg = Debug|Any CPU
		{99EB4DF6-4F57-4B57-A71B-F5A166971ABE}.Debug|Any CPU.Build.0 = Debug|Any CPU
		{99EB4DF6-4F57-4B57-A71B-F5A166971ABE}.Release|Any CPU.ActiveCfg = Release|Any CPU
		{99EB4DF6-4F57-4B57-A71B-F5A166971ABE}.Release|Any CPU.Build.0 = Release|Any CPU
	EndGlobalSection
	GlobalSection(SolutionProperties) = preSolution
		HideSolutionNode = FALSE
	EndGlobalSection
	GlobalSection(ExtensibilityGlobals) = postSolution
		SolutionGuid = {AB9828D6-17DA-4ED6-A018-C7638B5B0546}
	EndGlobalSection
EndGlobal
